// !$*UTF8*$!
{
	archiveVersion = 1;
	classes = {
	};
	objectVersion = 46;
	objects = {

/* Begin PBXBuildFile section */
		9211A2C51D3E3FA200A77BB7 /* GoogleService-Info.plist in Resources */ = {isa = PBXBuildFile; fileRef = 9211A2C41D3E3FA200A77BB7 /* GoogleService-Info.plist */; };
		9211A2C81D3E49E400A77BB7 /* Constants.swift in Sources */ = {isa = PBXBuildFile; fileRef = 9211A2C71D3E49E400A77BB7 /* Constants.swift */; };
		9211A2CA1D3E4B5400A77BB7 /* AppController.swift in Sources */ = {isa = PBXBuildFile; fileRef = 9211A2C91D3E4B5400A77BB7 /* AppController.swift */; };
		9211A2CC1D3E619B00A77BB7 /* APILayer.swift in Sources */ = {isa = PBXBuildFile; fileRef = 9211A2CB1D3E619B00A77BB7 /* APILayer.swift */; };
		9211A2CE1D3E633D00A77BB7 /* LoginViewController.swift in Sources */ = {isa = PBXBuildFile; fileRef = 9211A2CD1D3E633D00A77BB7 /* LoginViewController.swift */; };
		9211A2D21D3F82F600A77BB7 /* ProfileModel.swift in Sources */ = {isa = PBXBuildFile; fileRef = 9211A2D11D3F82F600A77BB7 /* ProfileModel.swift */; };
		9211A2D41D3F8F4900A77BB7 /* AllShowsViewController.swift in Sources */ = {isa = PBXBuildFile; fileRef = 9211A2D31D3F8F4900A77BB7 /* AllShowsViewController.swift */; };
		9271E18C1D3E3A4F003DC5A2 /* AppDelegate.swift in Sources */ = {isa = PBXBuildFile; fileRef = 9271E18B1D3E3A4F003DC5A2 /* AppDelegate.swift */; };
		9271E1911D3E3A4F003DC5A2 /* Main.storyboard in Resources */ = {isa = PBXBuildFile; fileRef = 9271E18F1D3E3A4F003DC5A2 /* Main.storyboard */; };
		9271E1931D3E3A4F003DC5A2 /* Assets.xcassets in Resources */ = {isa = PBXBuildFile; fileRef = 9271E1921D3E3A4F003DC5A2 /* Assets.xcassets */; };
		9271E1961D3E3A4F003DC5A2 /* LaunchScreen.storyboard in Resources */ = {isa = PBXBuildFile; fileRef = 9271E1941D3E3A4F003DC5A2 /* LaunchScreen.storyboard */; };
		92D3A0E61D3FA5DE006923F7 /* AllShowsTableViewCell.swift in Sources */ = {isa = PBXBuildFile; fileRef = 92D3A0E51D3FA5DE006923F7 /* AllShowsTableViewCell.swift */; };
		92D3A0E81D40B739006923F7 /* ShowTMDBModel.swift in Sources */ = {isa = PBXBuildFile; fileRef = 92D3A0E71D40B739006923F7 /* ShowTMDBModel.swift */; };
		92D3A0EA1D40BB9C006923F7 /* SeasonTMDBModel.swift in Sources */ = {isa = PBXBuildFile; fileRef = 92D3A0E91D40BB9C006923F7 /* SeasonTMDBModel.swift */; };
		92D3A0EC1D40BFD0006923F7 /* GenreTMDBModel.swift in Sources */ = {isa = PBXBuildFile; fileRef = 92D3A0EB1D40BFD0006923F7 /* GenreTMDBModel.swift */; };
		92E51D85B833DA6C4CCDF61D /* Pods_Episode_Saver.framework in Frameworks */ = {isa = PBXBuildFile; fileRef = 99EA854C1FD2C9A9B09B2F85 /* Pods_Episode_Saver.framework */; };
/* End PBXBuildFile section */

/* Begin PBXFileReference section */
		57485F5AB8947778FDEB14F5 /* Pods-Episode Saver.debug.xcconfig */ = {isa = PBXFileReference; includeInIndex = 1; lastKnownFileType = text.xcconfig; name = "Pods-Episode Saver.debug.xcconfig"; path = "Pods/Target Support Files/Pods-Episode Saver/Pods-Episode Saver.debug.xcconfig"; sourceTree = "<group>"; };
		9211A2C41D3E3FA200A77BB7 /* GoogleService-Info.plist */ = {isa = PBXFileReference; fileEncoding = 4; lastKnownFileType = text.plist.xml; path = "GoogleService-Info.plist"; sourceTree = "<group>"; };
		9211A2C71D3E49E400A77BB7 /* Constants.swift */ = {isa = PBXFileReference; fileEncoding = 4; lastKnownFileType = sourcecode.swift; name = Constants.swift; path = Utils/Constants.swift; sourceTree = "<group>"; };
		9211A2C91D3E4B5400A77BB7 /* AppController.swift */ = {isa = PBXFileReference; fileEncoding = 4; lastKnownFileType = sourcecode.swift; name = AppController.swift; path = Utils/AppController.swift; sourceTree = "<group>"; };
		9211A2CB1D3E619B00A77BB7 /* APILayer.swift */ = {isa = PBXFileReference; fileEncoding = 4; lastKnownFileType = sourcecode.swift; name = APILayer.swift; path = Utils/APILayer.swift; sourceTree = "<group>"; };
		9211A2CD1D3E633D00A77BB7 /* LoginViewController.swift */ = {isa = PBXFileReference; fileEncoding = 4; lastKnownFileType = sourcecode.swift; name = LoginViewController.swift; path = ViewControllers/LoginViewController.swift; sourceTree = "<group>"; };
		9211A2D11D3F82F600A77BB7 /* ProfileModel.swift */ = {isa = PBXFileReference; fileEncoding = 4; lastKnownFileType = sourcecode.swift; name = ProfileModel.swift; path = Models/ProfileModel.swift; sourceTree = "<group>"; };
		9211A2D31D3F8F4900A77BB7 /* AllShowsViewController.swift */ = {isa = PBXFileReference; fileEncoding = 4; lastKnownFileType = sourcecode.swift; name = AllShowsViewController.swift; path = ViewControllers/AllShowsViewController.swift; sourceTree = "<group>"; };
		9271E1881D3E3A4F003DC5A2 /* Episode Saver.app */ = {isa = PBXFileReference; explicitFileType = wrapper.application; includeInIndex = 0; path = "Episode Saver.app"; sourceTree = BUILT_PRODUCTS_DIR; };
		9271E18B1D3E3A4F003DC5A2 /* AppDelegate.swift */ = {isa = PBXFileReference; lastKnownFileType = sourcecode.swift; path = AppDelegate.swift; sourceTree = "<group>"; };
		9271E1901D3E3A4F003DC5A2 /* Base */ = {isa = PBXFileReference; lastKnownFileType = file.storyboard; name = Base; path = Base.lproj/Main.storyboard; sourceTree = "<group>"; };
		9271E1921D3E3A4F003DC5A2 /* Assets.xcassets */ = {isa = PBXFileReference; lastKnownFileType = folder.assetcatalog; path = Assets.xcassets; sourceTree = "<group>"; };
		9271E1951D3E3A4F003DC5A2 /* Base */ = {isa = PBXFileReference; lastKnownFileType = file.storyboard; name = Base; path = Base.lproj/LaunchScreen.storyboard; sourceTree = "<group>"; };
		9271E1971D3E3A4F003DC5A2 /* Info.plist */ = {isa = PBXFileReference; lastKnownFileType = text.plist.xml; path = Info.plist; sourceTree = "<group>"; };
		92D3A0E51D3FA5DE006923F7 /* AllShowsTableViewCell.swift */ = {isa = PBXFileReference; fileEncoding = 4; lastKnownFileType = sourcecode.swift; name = AllShowsTableViewCell.swift; path = Cell/AllShowsTableViewCell.swift; sourceTree = "<group>"; };
		92D3A0E71D40B739006923F7 /* ShowTMDBModel.swift */ = {isa = PBXFileReference; fileEncoding = 4; lastKnownFileType = sourcecode.swift; name = ShowTMDBModel.swift; path = Models/ShowTMDBModel.swift; sourceTree = "<group>"; };
		92D3A0E91D40BB9C006923F7 /* SeasonTMDBModel.swift */ = {isa = PBXFileReference; fileEncoding = 4; lastKnownFileType = sourcecode.swift; name = SeasonTMDBModel.swift; path = Models/SeasonTMDBModel.swift; sourceTree = "<group>"; };
		92D3A0EB1D40BFD0006923F7 /* GenreTMDBModel.swift */ = {isa = PBXFileReference; fileEncoding = 4; lastKnownFileType = sourcecode.swift; name = GenreTMDBModel.swift; path = Models/GenreTMDBModel.swift; sourceTree = "<group>"; };
		99EA854C1FD2C9A9B09B2F85 /* Pods_Episode_Saver.framework */ = {isa = PBXFileReference; explicitFileType = wrapper.framework; includeInIndex = 0; path = Pods_Episode_Saver.framework; sourceTree = BUILT_PRODUCTS_DIR; };
		F6E81F1A73B40F4EB7244870 /* Pods-Episode Saver.release.xcconfig */ = {isa = PBXFileReference; includeInIndex = 1; lastKnownFileType = text.xcconfig; name = "Pods-Episode Saver.release.xcconfig"; path = "Pods/Target Support Files/Pods-Episode Saver/Pods-Episode Saver.release.xcconfig"; sourceTree = "<group>"; };
/* End PBXFileReference section */

/* Begin PBXFrameworksBuildPhase section */
		9271E1851D3E3A4F003DC5A2 /* Frameworks */ = {
			isa = PBXFrameworksBuildPhase;
			buildActionMask = 2147483647;
			files = (
				92E51D85B833DA6C4CCDF61D /* Pods_Episode_Saver.framework in Frameworks */,
			);
			runOnlyForDeploymentPostprocessing = 0;
		};
/* End PBXFrameworksBuildPhase section */

/* Begin PBXGroup section */
		42042F91ECDA4499F9F7C7ED /* Pods */ = {
			isa = PBXGroup;
			children = (
				57485F5AB8947778FDEB14F5 /* Pods-Episode Saver.debug.xcconfig */,
				F6E81F1A73B40F4EB7244870 /* Pods-Episode Saver.release.xcconfig */,
			);
			name = Pods;
			sourceTree = "<group>";
		};
		9211A2C61D3E49AD00A77BB7 /* Utils */ = {
			isa = PBXGroup;
			children = (
				9211A2C71D3E49E400A77BB7 /* Constants.swift */,
				9211A2C91D3E4B5400A77BB7 /* AppController.swift */,
				9211A2CB1D3E619B00A77BB7 /* APILayer.swift */,
			);
			name = Utils;
			sourceTree = "<group>";
		};
		9211A2CF1D3E634500A77BB7 /* View Controllers */ = {
			isa = PBXGroup;
			children = (
				9211A2CD1D3E633D00A77BB7 /* LoginViewController.swift */,
				9211A2D31D3F8F4900A77BB7 /* AllShowsViewController.swift */,
			);
			name = "View Controllers";
			sourceTree = "<group>";
		};
		9211A2D01D3F829D00A77BB7 /* Models */ = {
			isa = PBXGroup;
			children = (
				9211A2D11D3F82F600A77BB7 /* ProfileModel.swift */,
				92D3A0E71D40B739006923F7 /* ShowTMDBModel.swift */,
				92D3A0E91D40BB9C006923F7 /* SeasonTMDBModel.swift */,
				92D3A0EB1D40BFD0006923F7 /* GenreTMDBModel.swift */,
			);
			name = Models;
			sourceTree = "<group>";
		};
		9271E17F1D3E3A4E003DC5A2 = {
			isa = PBXGroup;
			children = (
				9271E18A1D3E3A4F003DC5A2 /* Episode Saver */,
				9271E1891D3E3A4F003DC5A2 /* Products */,
				42042F91ECDA4499F9F7C7ED /* Pods */,
				99620ADF3D22DD8FB8638C6D /* Frameworks */,
			);
			sourceTree = "<group>";
		};
		9271E1891D3E3A4F003DC5A2 /* Products */ = {
			isa = PBXGroup;
			children = (
				9271E1881D3E3A4F003DC5A2 /* Episode Saver.app */,
			);
			name = Products;
			sourceTree = "<group>";
		};
		9271E18A1D3E3A4F003DC5A2 /* Episode Saver */ = {
			isa = PBXGroup;
			children = (
				92D3A0E41D3FA558006923F7 /* Cells */,
				9211A2D01D3F829D00A77BB7 /* Models */,
				9211A2CF1D3E634500A77BB7 /* View Controllers */,
				9211A2C61D3E49AD00A77BB7 /* Utils */,
				9271E18B1D3E3A4F003DC5A2 /* AppDelegate.swift */,
				9271E18F1D3E3A4F003DC5A2 /* Main.storyboard */,
				9271E1921D3E3A4F003DC5A2 /* Assets.xcassets */,
				9271E1941D3E3A4F003DC5A2 /* LaunchScreen.storyboard */,
				9271E1971D3E3A4F003DC5A2 /* Info.plist */,
				9211A2C41D3E3FA200A77BB7 /* GoogleService-Info.plist */,
			);
			path = "Episode Saver";
			sourceTree = "<group>";
		};
		92D3A0E41D3FA558006923F7 /* Cells */ = {
			isa = PBXGroup;
			children = (
				92D3A0E51D3FA5DE006923F7 /* AllShowsTableViewCell.swift */,
			);
			name = Cells;
			sourceTree = "<group>";
		};
		99620ADF3D22DD8FB8638C6D /* Frameworks */ = {
			isa = PBXGroup;
			children = (
				99EA854C1FD2C9A9B09B2F85 /* Pods_Episode_Saver.framework */,
			);
			name = Frameworks;
			sourceTree = "<group>";
		};
/* End PBXGroup section */

/* Begin PBXNativeTarget section */
		9271E1871D3E3A4F003DC5A2 /* Episode Saver */ = {
			isa = PBXNativeTarget;
			buildConfigurationList = 9271E19A1D3E3A4F003DC5A2 /* Build configuration list for PBXNativeTarget "Episode Saver" */;
			buildPhases = (
				4F01447BC3DA16F0B4AAE863 /* [CP] Check Pods Manifest.lock */,
				9271E1841D3E3A4F003DC5A2 /* Sources */,
				9271E1851D3E3A4F003DC5A2 /* Frameworks */,
				9271E1861D3E3A4F003DC5A2 /* Resources */,
				6060122EC279343F56F56D67 /* [CP] Embed Pods Frameworks */,
				4D257BDE926681D7CD477743 /* [CP] Copy Pods Resources */,
			);
			buildRules = (
			);
			dependencies = (
			);
			name = "Episode Saver";
			productName = "Episode Saver";
			productReference = 9271E1881D3E3A4F003DC5A2 /* Episode Saver.app */;
			productType = "com.apple.product-type.application";
		};
/* End PBXNativeTarget section */

/* Begin PBXProject section */
		9271E1801D3E3A4F003DC5A2 /* Project object */ = {
			isa = PBXProject;
			attributes = {
				LastSwiftUpdateCheck = 0730;
				LastUpgradeCheck = 0730;
				ORGANIZATIONNAME = ITLions;
				TargetAttributes = {
					9271E1871D3E3A4F003DC5A2 = {
						CreatedOnToolsVersion = 7.3.1;
					};
				};
			};
			buildConfigurationList = 9271E1831D3E3A4F003DC5A2 /* Build configuration list for PBXProject "Episode Saver" */;
			compatibilityVersion = "Xcode 3.2";
			developmentRegion = English;
			hasScannedForEncodings = 0;
			knownRegions = (
				en,
				Base,
			);
			mainGroup = 9271E17F1D3E3A4E003DC5A2;
			productRefGroup = 9271E1891D3E3A4F003DC5A2 /* Products */;
			projectDirPath = "";
			projectRoot = "";
			targets = (
				9271E1871D3E3A4F003DC5A2 /* Episode Saver */,
			);
		};
/* End PBXProject section */

/* Begin PBXResourcesBuildPhase section */
		9271E1861D3E3A4F003DC5A2 /* Resources */ = {
			isa = PBXResourcesBuildPhase;
			buildActionMask = 2147483647;
			files = (
				9271E1961D3E3A4F003DC5A2 /* LaunchScreen.storyboard in Resources */,
				9211A2C51D3E3FA200A77BB7 /* GoogleService-Info.plist in Resources */,
				9271E1931D3E3A4F003DC5A2 /* Assets.xcassets in Resources */,
				9271E1911D3E3A4F003DC5A2 /* Main.storyboard in Resources */,
			);
			runOnlyForDeploymentPostprocessing = 0;
		};
/* End PBXResourcesBuildPhase section */

/* Begin PBXShellScriptBuildPhase section */
		4D257BDE926681D7CD477743 /* [CP] Copy Pods Resources */ = {
			isa = PBXShellScriptBuildPhase;
			buildActionMask = 2147483647;
			files = (
			);
			inputPaths = (
			);
			name = "[CP] Copy Pods Resources";
			outputPaths = (
			);
			runOnlyForDeploymentPostprocessing = 0;
			shellPath = /bin/sh;
			shellScript = "\"${SRCROOT}/Pods/Target Support Files/Pods-Episode Saver/Pods-Episode Saver-resources.sh\"\n";
			showEnvVarsInLog = 0;
		};
		4F01447BC3DA16F0B4AAE863 /* [CP] Check Pods Manifest.lock */ = {
			isa = PBXShellScriptBuildPhase;
			buildActionMask = 2147483647;
			files = (
			);
			inputPaths = (
			);
			name = "[CP] Check Pods Manifest.lock";
			outputPaths = (
			);
			runOnlyForDeploymentPostprocessing = 0;
			shellPath = /bin/sh;
			shellScript = "diff \"${PODS_ROOT}/../Podfile.lock\" \"${PODS_ROOT}/Manifest.lock\" > /dev/null\nif [[ $? != 0 ]] ; then\n    cat << EOM\nerror: The sandbox is not in sync with the Podfile.lock. Run 'pod install' or update your CocoaPods installation.\nEOM\n    exit 1\nfi\n";
			showEnvVarsInLog = 0;
		};
		6060122EC279343F56F56D67 /* [CP] Embed Pods Frameworks */ = {
			isa = PBXShellScriptBuildPhase;
			buildActionMask = 2147483647;
			files = (
			);
			inputPaths = (
			);
			name = "[CP] Embed Pods Frameworks";
			outputPaths = (
			);
			runOnlyForDeploymentPostprocessing = 0;
			shellPath = /bin/sh;
			shellScript = "\"${SRCROOT}/Pods/Target Support Files/Pods-Episode Saver/Pods-Episode Saver-frameworks.sh\"\n";
			showEnvVarsInLog = 0;
		};
/* End PBXShellScriptBuildPhase section */

/* Begin PBXSourcesBuildPhase section */
		9271E1841D3E3A4F003DC5A2 /* Sources */ = {
			isa = PBXSourcesBuildPhase;
			buildActionMask = 2147483647;
			files = (
				9211A2D41D3F8F4900A77BB7 /* AllShowsViewController.swift in Sources */,
				9211A2CC1D3E619B00A77BB7 /* APILayer.swift in Sources */,
				92D3A0E81D40B739006923F7 /* ShowTMDBModel.swift in Sources */,
				92D3A0EA1D40BB9C006923F7 /* SeasonTMDBModel.swift in Sources */,
				9271E18C1D3E3A4F003DC5A2 /* AppDelegate.swift in Sources */,
				92D3A0EC1D40BFD0006923F7 /* GenreTMDBModel.swift in Sources */,
				9211A2C81D3E49E400A77BB7 /* Constants.swift in Sources */,
				9211A2D21D3F82F600A77BB7 /* ProfileModel.swift in Sources */,
				9211A2CE1D3E633D00A77BB7 /* LoginViewController.swift in Sources */,
				92D3A0E61D3FA5DE006923F7 /* AllShowsTableViewCell.swift in Sources */,
				9211A2CA1D3E4B5400A77BB7 /* AppController.swift in Sources */,
			);
			runOnlyForDeploymentPostprocessing = 0;
		};
/* End PBXSourcesBuildPhase section */

/* Begin PBXVariantGroup section */
		9271E18F1D3E3A4F003DC5A2 /* Main.storyboard */ = {
			isa = PBXVariantGroup;
			children = (
				9271E1901D3E3A4F003DC5A2 /* Base */,
			);
			name = Main.storyboard;
			sourceTree = "<group>";
		};
		9271E1941D3E3A4F003DC5A2 /* LaunchScreen.storyboard */ = {
			isa = PBXVariantGroup;
			children = (
				9271E1951D3E3A4F003DC5A2 /* Base */,
			);
			name = LaunchScreen.storyboard;
			sourceTree = "<group>";
		};
/* End PBXVariantGroup section */

/* Begin XCBuildConfiguration section */
		9271E1981D3E3A4F003DC5A2 /* Debug */ = {
			isa = XCBuildConfiguration;
			buildSettings = {
				ALWAYS_SEARCH_USER_PATHS = NO;
				CLANG_ANALYZER_NONNULL = YES;
				CLANG_CXX_LANGUAGE_STANDARD = "gnu++0x";
				CLANG_CXX_LIBRARY = "libc++";
				CLANG_ENABLE_MODULES = YES;
				CLANG_ENABLE_OBJC_ARC = YES;
				CLANG_WARN_BOOL_CONVERSION = YES;
				CLANG_WARN_CONSTANT_CONVERSION = YES;
				CLANG_WARN_DIRECT_OBJC_ISA_USAGE = YES_ERROR;
				CLANG_WARN_EMPTY_BODY = YES;
				CLANG_WARN_ENUM_CONVERSION = YES;
				CLANG_WARN_INT_CONVERSION = YES;
				CLANG_WARN_OBJC_ROOT_CLASS = YES_ERROR;
				CLANG_WARN_UNREACHABLE_CODE = YES;
				CLANG_WARN__DUPLICATE_METHOD_MATCH = YES;
				"CODE_SIGN_IDENTITY[sdk=iphoneos*]" = "iPhone Developer";
				COPY_PHASE_STRIP = NO;
				DEBUG_INFORMATION_FORMAT = dwarf;
				ENABLE_STRICT_OBJC_MSGSEND = YES;
				ENABLE_TESTABILITY = YES;
				GCC_C_LANGUAGE_STANDARD = gnu99;
				GCC_DYNAMIC_NO_PIC = NO;
				GCC_NO_COMMON_BLOCKS = YES;
				GCC_OPTIMIZATION_LEVEL = 0;
				GCC_PREPROCESSOR_DEFINITIONS = (
					"DEBUG=1",
					"$(inherited)",
				);
				GCC_WARN_64_TO_32_BIT_CONVERSION = YES;
				GCC_WARN_ABOUT_RETURN_TYPE = YES_ERROR;
				GCC_WARN_UNDECLARED_SELECTOR = YES;
				GCC_WARN_UNINITIALIZED_AUTOS = YES_AGGRESSIVE;
				GCC_WARN_UNUSED_FUNCTION = YES;
				GCC_WARN_UNUSED_VARIABLE = YES;
				IPHONEOS_DEPLOYMENT_TARGET = 9.3;
				MTL_ENABLE_DEBUG_INFO = YES;
				ONLY_ACTIVE_ARCH = YES;
				SDKROOT = iphoneos;
				SWIFT_OPTIMIZATION_LEVEL = "-Onone";
			};
			name = Debug;
		};
		9271E1991D3E3A4F003DC5A2 /* Release */ = {
			isa = XCBuildConfiguration;
			buildSettings = {
				ALWAYS_SEARCH_USER_PATHS = NO;
				CLANG_ANALYZER_NONNULL = YES;
				CLANG_CXX_LANGUAGE_STANDARD = "gnu++0x";
				CLANG_CXX_LIBRARY = "libc++";
				CLANG_ENABLE_MODULES = YES;
				CLANG_ENABLE_OBJC_ARC = YES;
				CLANG_WARN_BOOL_CONVERSION = YES;
				CLANG_WARN_CONSTANT_CONVERSION = YES;
				CLANG_WARN_DIRECT_OBJC_ISA_USAGE = YES_ERROR;
				CLANG_WARN_EMPTY_BODY = YES;
				CLANG_WARN_ENUM_CONVERSION = YES;
				CLANG_WARN_INT_CONVERSION = YES;
				CLANG_WARN_OBJC_ROOT_CLASS = YES_ERROR;
				CLANG_WARN_UNREACHABLE_CODE = YES;
				CLANG_WARN__DUPLICATE_METHOD_MATCH = YES;
				"CODE_SIGN_IDENTITY[sdk=iphoneos*]" = "iPhone Developer";
				COPY_PHASE_STRIP = NO;
				DEBUG_INFORMATION_FORMAT = "dwarf-with-dsym";
				ENABLE_NS_ASSERTIONS = NO;
				ENABLE_STRICT_OBJC_MSGSEND = YES;
				GCC_C_LANGUAGE_STANDARD = gnu99;
				GCC_NO_COMMON_BLOCKS = YES;
				GCC_WARN_64_TO_32_BIT_CONVERSION = YES;
				GCC_WARN_ABOUT_RETURN_TYPE = YES_ERROR;
				GCC_WARN_UNDECLARED_SELECTOR = YES;
				GCC_WARN_UNINITIALIZED_AUTOS = YES_AGGRESSIVE;
				GCC_WARN_UNUSED_FUNCTION = YES;
				GCC_WARN_UNUSED_VARIABLE = YES;
				IPHONEOS_DEPLOYMENT_TARGET = 9.3;
				MTL_ENABLE_DEBUG_INFO = NO;
				SDKROOT = iphoneos;
				VALIDATE_PRODUCT = YES;
			};
			name = Release;
		};
		9271E19B1D3E3A4F003DC5A2 /* Debug */ = {
			isa = XCBuildConfiguration;
			baseConfigurationReference = 57485F5AB8947778FDEB14F5 /* Pods-Episode Saver.debug.xcconfig */;
			buildSettings = {
				ASSETCATALOG_COMPILER_APPICON_NAME = AppIcon;
				INFOPLIST_FILE = "Episode Saver/Info.plist";
				LD_RUNPATH_SEARCH_PATHS = "$(inherited) @executable_path/Frameworks";
				PRODUCT_BUNDLE_IDENTIFIER = "ITL.Episode-Saver";
				PRODUCT_NAME = "$(TARGET_NAME)";
			};
			name = Debug;
		};
		9271E19C1D3E3A4F003DC5A2 /* Release */ = {
			isa = XCBuildConfiguration;
			baseConfigurationReference = F6E81F1A73B40F4EB7244870 /* Pods-Episode Saver.release.xcconfig */;
			buildSettings = {
				ASSETCATALOG_COMPILER_APPICON_NAME = AppIcon;
				INFOPLIST_FILE = "Episode Saver/Info.plist";
				LD_RUNPATH_SEARCH_PATHS = "$(inherited) @executable_path/Frameworks";
				PRODUCT_BUNDLE_IDENTIFIER = "ITL.Episode-Saver";
				PRODUCT_NAME = "$(TARGET_NAME)";
			};
			name = Release;
		};
/* End XCBuildConfiguration section */

/* Begin XCConfigurationList section */
		9271E1831D3E3A4F003DC5A2 /* Build configuration list for PBXProject "Episode Saver" */ = {
			isa = XCConfigurationList;
			buildConfigurations = (
				9271E1981D3E3A4F003DC5A2 /* Debug */,
				9271E1991D3E3A4F003DC5A2 /* Release */,
			);
			defaultConfigurationIsVisible = 0;
			defaultConfigurationName = Release;
		};
		9271E19A1D3E3A4F003DC5A2 /* Build configuration list for PBXNativeTarget "Episode Saver" */ = {
			isa = XCConfigurationList;
			buildConfigurations = (
				9271E19B1D3E3A4F003DC5A2 /* Debug */,
				9271E19C1D3E3A4F003DC5A2 /* Release */,
			);
			defaultConfigurationIsVisible = 0;
			defaultConfigurationName = Release;
		};
/* End XCConfigurationList section */
	};
	rootObject = 9271E1801D3E3A4F003DC5A2 /* Project object */;
}
